// !$*UTF8*$!
{
	archiveVersion = 1;
	classes = {
	};
	objectVersion = 48;
	objects = {

/* Begin PBXBuildFile section */
		1D0EDAF0A75F0AFDDE655ECD /* Pods_OddesyUITests.framework in Frameworks */ = {isa = PBXBuildFile; fileRef = 59CAB35868C2BB8311736324 /* Pods_OddesyUITests.framework */; };
		1E0CDE056A18F858EA346CCA /* Pods_OddesyTests.framework in Frameworks */ = {isa = PBXBuildFile; fileRef = 86D5C49E4B5220451E59A2A1 /* Pods_OddesyTests.framework */; };
		38DC9C67151AAB668CDD2B70 /* Pods_Oddesy.framework in Frameworks */ = {isa = PBXBuildFile; fileRef = 0EB392D085C259C2939208BA /* Pods_Oddesy.framework */; };
		54E555FD7BDC6EB8DF3F9010 /* MockApiService.swift in Sources */ = {isa = PBXBuildFile; fileRef = 54E55A5C173652F9A727CD22 /* MockApiService.swift */; };
		54E5582D3641690C3CA097BF /* MockApiService.swift in Sources */ = {isa = PBXBuildFile; fileRef = 54E55A5C173652F9A727CD22 /* MockApiService.swift */; };
		934B043B2011279700E7C3F0 /* AppDelegate.swift in Sources */ = {isa = PBXBuildFile; fileRef = 934B043A2011279700E7C3F0 /* AppDelegate.swift */; };
		934B043D2011279700E7C3F0 /* ViewController.swift in Sources */ = {isa = PBXBuildFile; fileRef = 934B043C2011279700E7C3F0 /* ViewController.swift */; };
		934B04402011279700E7C3F0 /* Main.storyboard in Resources */ = {isa = PBXBuildFile; fileRef = 934B043E2011279700E7C3F0 /* Main.storyboard */; };
		934B04422011279700E7C3F0 /* Assets.xcassets in Resources */ = {isa = PBXBuildFile; fileRef = 934B04412011279700E7C3F0 /* Assets.xcassets */; };
		934B04452011279700E7C3F0 /* LaunchScreen.storyboard in Resources */ = {isa = PBXBuildFile; fileRef = 934B04432011279700E7C3F0 /* LaunchScreen.storyboard */; };
		934B04502011279700E7C3F0 /* OddesyTests.swift in Sources */ = {isa = PBXBuildFile; fileRef = 934B044F2011279700E7C3F0 /* OddesyTests.swift */; };
		934B045B2011279700E7C3F0 /* OddesyUITests.swift in Sources */ = {isa = PBXBuildFile; fileRef = 934B045A2011279700E7C3F0 /* OddesyUITests.swift */; };
		934B04692011322D00E7C3F0 /* Base.swift in Sources */ = {isa = PBXBuildFile; fileRef = 934B04682011322D00E7C3F0 /* Base.swift */; };
		934B046B2011323A00E7C3F0 /* MVVMViewController.swift in Sources */ = {isa = PBXBuildFile; fileRef = 934B046A2011323A00E7C3F0 /* MVVMViewController.swift */; };
		934B046E201132F000E7C3F0 /* Api.swift in Sources */ = {isa = PBXBuildFile; fileRef = 934B046D201132F000E7C3F0 /* Api.swift */; };
		934B0470201138F400E7C3F0 /* ChooseCommunityViewModel.swift in Sources */ = {isa = PBXBuildFile; fileRef = 934B046F201138F400E7C3F0 /* ChooseCommunityViewModel.swift */; };
		934B04772012837500E7C3F0 /* IndexResponse.swift in Sources */ = {isa = PBXBuildFile; fileRef = 934B04762012837500E7C3F0 /* IndexResponse.swift */; };
		93632D96201A1F32006E6DD6 /* Community.swift in Sources */ = {isa = PBXBuildFile; fileRef = 93632D95201A1F32006E6DD6 /* Community.swift */; };
		93632D99201A4161006E6DD6 /* CommunityCell.swift in Sources */ = {isa = PBXBuildFile; fileRef = 93632D98201A4161006E6DD6 /* CommunityCell.swift */; };
		93632D9B201A6438006E6DD6 /* RealmUtils.swift in Sources */ = {isa = PBXBuildFile; fileRef = 93632D9A201A6438006E6DD6 /* RealmUtils.swift */; };
/* End PBXBuildFile section */

/* Begin PBXContainerItemProxy section */
		934B044C2011279700E7C3F0 /* PBXContainerItemProxy */ = {
			isa = PBXContainerItemProxy;
			containerPortal = 934B042F2011279700E7C3F0 /* Project object */;
			proxyType = 1;
			remoteGlobalIDString = 934B04362011279700E7C3F0;
			remoteInfo = Oddesy;
		};
		934B04572011279700E7C3F0 /* PBXContainerItemProxy */ = {
			isa = PBXContainerItemProxy;
			containerPortal = 934B042F2011279700E7C3F0 /* Project object */;
			proxyType = 1;
			remoteGlobalIDString = 934B04362011279700E7C3F0;
			remoteInfo = Oddesy;
		};
/* End PBXContainerItemProxy section */

/* Begin PBXFileReference section */
		0EB392D085C259C2939208BA /* Pods_Oddesy.framework */ = {isa = PBXFileReference; explicitFileType = wrapper.framework; includeInIndex = 0; path = Pods_Oddesy.framework; sourceTree = BUILT_PRODUCTS_DIR; };
		0F81015A1163081004B7B383 /* Pods-OddesyTests.release.xcconfig */ = {isa = PBXFileReference; includeInIndex = 1; lastKnownFileType = text.xcconfig; name = "Pods-OddesyTests.release.xcconfig"; path = "Pods/Target Support Files/Pods-OddesyTests/Pods-OddesyTests.release.xcconfig"; sourceTree = "<group>"; };
		381C7F7BC588CA18374A7C03 /* Pods-OddesyTests.debug.xcconfig */ = {isa = PBXFileReference; includeInIndex = 1; lastKnownFileType = text.xcconfig; name = "Pods-OddesyTests.debug.xcconfig"; path = "Pods/Target Support Files/Pods-OddesyTests/Pods-OddesyTests.debug.xcconfig"; sourceTree = "<group>"; };
		54E55A5C173652F9A727CD22 /* MockApiService.swift */ = {isa = PBXFileReference; fileEncoding = 4; lastKnownFileType = sourcecode.swift; path = MockApiService.swift; sourceTree = "<group>"; };
		59CAB35868C2BB8311736324 /* Pods_OddesyUITests.framework */ = {isa = PBXFileReference; explicitFileType = wrapper.framework; includeInIndex = 0; path = Pods_OddesyUITests.framework; sourceTree = BUILT_PRODUCTS_DIR; };
		86D5C49E4B5220451E59A2A1 /* Pods_OddesyTests.framework */ = {isa = PBXFileReference; explicitFileType = wrapper.framework; includeInIndex = 0; path = Pods_OddesyTests.framework; sourceTree = BUILT_PRODUCTS_DIR; };
		934B04372011279700E7C3F0 /* Oddesy.app */ = {isa = PBXFileReference; explicitFileType = wrapper.application; includeInIndex = 0; path = Oddesy.app; sourceTree = BUILT_PRODUCTS_DIR; };
		934B043A2011279700E7C3F0 /* AppDelegate.swift */ = {isa = PBXFileReference; lastKnownFileType = sourcecode.swift; path = AppDelegate.swift; sourceTree = "<group>"; };
		934B043C2011279700E7C3F0 /* ViewController.swift */ = {isa = PBXFileReference; lastKnownFileType = sourcecode.swift; path = ViewController.swift; sourceTree = "<group>"; };
		934B043F2011279700E7C3F0 /* Base */ = {isa = PBXFileReference; lastKnownFileType = file.storyboard; name = Base; path = Base.lproj/Main.storyboard; sourceTree = "<group>"; };
		934B04412011279700E7C3F0 /* Assets.xcassets */ = {isa = PBXFileReference; lastKnownFileType = folder.assetcatalog; path = Assets.xcassets; sourceTree = "<group>"; };
		934B04442011279700E7C3F0 /* Base */ = {isa = PBXFileReference; lastKnownFileType = file.storyboard; name = Base; path = Base.lproj/LaunchScreen.storyboard; sourceTree = "<group>"; };
		934B04462011279700E7C3F0 /* Info.plist */ = {isa = PBXFileReference; lastKnownFileType = text.plist.xml; path = Info.plist; sourceTree = "<group>"; };
		934B044B2011279700E7C3F0 /* OddesyTests.xctest */ = {isa = PBXFileReference; explicitFileType = wrapper.cfbundle; includeInIndex = 0; path = OddesyTests.xctest; sourceTree = BUILT_PRODUCTS_DIR; };
		934B044F2011279700E7C3F0 /* OddesyTests.swift */ = {isa = PBXFileReference; lastKnownFileType = sourcecode.swift; path = OddesyTests.swift; sourceTree = "<group>"; };
		934B04512011279700E7C3F0 /* Info.plist */ = {isa = PBXFileReference; lastKnownFileType = text.plist.xml; path = Info.plist; sourceTree = "<group>"; };
		934B04562011279700E7C3F0 /* OddesyUITests.xctest */ = {isa = PBXFileReference; explicitFileType = wrapper.cfbundle; includeInIndex = 0; path = OddesyUITests.xctest; sourceTree = BUILT_PRODUCTS_DIR; };
		934B045A2011279700E7C3F0 /* OddesyUITests.swift */ = {isa = PBXFileReference; lastKnownFileType = sourcecode.swift; path = OddesyUITests.swift; sourceTree = "<group>"; };
		934B045C2011279700E7C3F0 /* Info.plist */ = {isa = PBXFileReference; lastKnownFileType = text.plist.xml; path = Info.plist; sourceTree = "<group>"; };
		934B04682011322D00E7C3F0 /* Base.swift */ = {isa = PBXFileReference; fileEncoding = 4; lastKnownFileType = sourcecode.swift; path = Base.swift; sourceTree = "<group>"; };
		934B046A2011323A00E7C3F0 /* MVVMViewController.swift */ = {isa = PBXFileReference; fileEncoding = 4; lastKnownFileType = sourcecode.swift; path = MVVMViewController.swift; sourceTree = "<group>"; };
		934B046D201132F000E7C3F0 /* Api.swift */ = {isa = PBXFileReference; lastKnownFileType = sourcecode.swift; path = Api.swift; sourceTree = "<group>"; };
		934B046F201138F400E7C3F0 /* ChooseCommunityViewModel.swift */ = {isa = PBXFileReference; lastKnownFileType = sourcecode.swift; path = ChooseCommunityViewModel.swift; sourceTree = "<group>"; };
		934B04762012837500E7C3F0 /* IndexResponse.swift */ = {isa = PBXFileReference; lastKnownFileType = sourcecode.swift; path = IndexResponse.swift; sourceTree = "<group>"; };
		93632D95201A1F32006E6DD6 /* Community.swift */ = {isa = PBXFileReference; lastKnownFileType = sourcecode.swift; path = Community.swift; sourceTree = "<group>"; };
		93632D98201A4161006E6DD6 /* CommunityCell.swift */ = {isa = PBXFileReference; lastKnownFileType = sourcecode.swift; path = CommunityCell.swift; sourceTree = "<group>"; };
		93632D9A201A6438006E6DD6 /* RealmUtils.swift */ = {isa = PBXFileReference; lastKnownFileType = sourcecode.swift; path = RealmUtils.swift; sourceTree = "<group>"; };
		CA57AA4499D209485986BE66 /* Pods-Oddesy.debug.xcconfig */ = {isa = PBXFileReference; includeInIndex = 1; lastKnownFileType = text.xcconfig; name = "Pods-Oddesy.debug.xcconfig"; path = "Pods/Target Support Files/Pods-Oddesy/Pods-Oddesy.debug.xcconfig"; sourceTree = "<group>"; };
		CDFB3160126A629420728EC9 /* Pods-Oddesy.release.xcconfig */ = {isa = PBXFileReference; includeInIndex = 1; lastKnownFileType = text.xcconfig; name = "Pods-Oddesy.release.xcconfig"; path = "Pods/Target Support Files/Pods-Oddesy/Pods-Oddesy.release.xcconfig"; sourceTree = "<group>"; };
		E081A8B82E3ADFE3ECB9EABA /* Pods-OddesyUITests.debug.xcconfig */ = {isa = PBXFileReference; includeInIndex = 1; lastKnownFileType = text.xcconfig; name = "Pods-OddesyUITests.debug.xcconfig"; path = "Pods/Target Support Files/Pods-OddesyUITests/Pods-OddesyUITests.debug.xcconfig"; sourceTree = "<group>"; };
		EC16F7834F4190D9E07795BC /* Pods-OddesyUITests.release.xcconfig */ = {isa = PBXFileReference; includeInIndex = 1; lastKnownFileType = text.xcconfig; name = "Pods-OddesyUITests.release.xcconfig"; path = "Pods/Target Support Files/Pods-OddesyUITests/Pods-OddesyUITests.release.xcconfig"; sourceTree = "<group>"; };
/* End PBXFileReference section */

/* Begin PBXFrameworksBuildPhase section */
		934B04342011279700E7C3F0 /* Frameworks */ = {
			isa = PBXFrameworksBuildPhase;
			buildActionMask = 2147483647;
			files = (
				38DC9C67151AAB668CDD2B70 /* Pods_Oddesy.framework in Frameworks */,
			);
			runOnlyForDeploymentPostprocessing = 0;
		};
		934B04482011279700E7C3F0 /* Frameworks */ = {
			isa = PBXFrameworksBuildPhase;
			buildActionMask = 2147483647;
			files = (
				1E0CDE056A18F858EA346CCA /* Pods_OddesyTests.framework in Frameworks */,
			);
			runOnlyForDeploymentPostprocessing = 0;
		};
		934B04532011279700E7C3F0 /* Frameworks */ = {
			isa = PBXFrameworksBuildPhase;
			buildActionMask = 2147483647;
			files = (
				1D0EDAF0A75F0AFDDE655ECD /* Pods_OddesyUITests.framework in Frameworks */,
			);
			runOnlyForDeploymentPostprocessing = 0;
		};
/* End PBXFrameworksBuildPhase section */

/* Begin PBXGroup section */
		934B042E2011279700E7C3F0 = {
			isa = PBXGroup;
			children = (
				934B04392011279700E7C3F0 /* Oddesy */,
				934B044E2011279700E7C3F0 /* OddesyTests */,
				934B04592011279700E7C3F0 /* OddesyUITests */,
				934B04382011279700E7C3F0 /* Products */,
				B1A447513DB943A90C39A316 /* Pods */,
				AE16DD0C2F56F7FD1F6B8A5B /* Frameworks */,
			);
			sourceTree = "<group>";
		};
		934B04382011279700E7C3F0 /* Products */ = {
			isa = PBXGroup;
			children = (
				934B04372011279700E7C3F0 /* Oddesy.app */,
				934B044B2011279700E7C3F0 /* OddesyTests.xctest */,
				934B04562011279700E7C3F0 /* OddesyUITests.xctest */,
			);
			name = Products;
			sourceTree = "<group>";
		};
		934B04392011279700E7C3F0 /* Oddesy */ = {
			isa = PBXGroup;
			children = (
				93632D97201A2213006E6DD6 /* Model */,
				934B047220124A7A00E7C3F0 /* Service */,
				934B047120124A6100E7C3F0 /* CommunityScene */,
				934B046C2011324000E7C3F0 /* Base */,
				934B043A2011279700E7C3F0 /* AppDelegate.swift */,
				934B043E2011279700E7C3F0 /* Main.storyboard */,
				934B04412011279700E7C3F0 /* Assets.xcassets */,
				934B04432011279700E7C3F0 /* LaunchScreen.storyboard */,
				934B04462011279700E7C3F0 /* Info.plist */,
			);
			path = Oddesy;
			sourceTree = "<group>";
		};
		934B044E2011279700E7C3F0 /* OddesyTests */ = {
			isa = PBXGroup;
			children = (
				934B044F2011279700E7C3F0 /* OddesyTests.swift */,
				934B04512011279700E7C3F0 /* Info.plist */,
				54E55A5C173652F9A727CD22 /* MockApiService.swift */,
			);
			path = OddesyTests;
			sourceTree = "<group>";
		};
		934B04592011279700E7C3F0 /* OddesyUITests */ = {
			isa = PBXGroup;
			children = (
				934B045A2011279700E7C3F0 /* OddesyUITests.swift */,
				934B045C2011279700E7C3F0 /* Info.plist */,
			);
			path = OddesyUITests;
			sourceTree = "<group>";
		};
		934B046C2011324000E7C3F0 /* Base */ = {
			isa = PBXGroup;
			children = (
				934B04682011322D00E7C3F0 /* Base.swift */,
				934B046A2011323A00E7C3F0 /* MVVMViewController.swift */,
				93632D9A201A6438006E6DD6 /* RealmUtils.swift */,
			);
			path = Base;
			sourceTree = "<group>";
		};
		934B047120124A6100E7C3F0 /* CommunityScene */ = {
			isa = PBXGroup;
			children = (
				934B043C2011279700E7C3F0 /* ViewController.swift */,
				934B046F201138F400E7C3F0 /* ChooseCommunityViewModel.swift */,
				93632D98201A4161006E6DD6 /* CommunityCell.swift */,
			);
			path = CommunityScene;
			sourceTree = "<group>";
		};
		934B047220124A7A00E7C3F0 /* Service */ = {
			isa = PBXGroup;
			children = (
				934B046D201132F000E7C3F0 /* Api.swift */,
			);
			path = Service;
			sourceTree = "<group>";
		};
		93632D97201A2213006E6DD6 /* Model */ = {
			isa = PBXGroup;
			children = (
				934B04762012837500E7C3F0 /* IndexResponse.swift */,
				93632D95201A1F32006E6DD6 /* Community.swift */,
			);
			path = Model;
			sourceTree = "<group>";
		};
		AE16DD0C2F56F7FD1F6B8A5B /* Frameworks */ = {
			isa = PBXGroup;
			children = (
				0EB392D085C259C2939208BA /* Pods_Oddesy.framework */,
				86D5C49E4B5220451E59A2A1 /* Pods_OddesyTests.framework */,
				59CAB35868C2BB8311736324 /* Pods_OddesyUITests.framework */,
			);
			name = Frameworks;
			sourceTree = "<group>";
		};
		B1A447513DB943A90C39A316 /* Pods */ = {
			isa = PBXGroup;
			children = (
				CA57AA4499D209485986BE66 /* Pods-Oddesy.debug.xcconfig */,
				CDFB3160126A629420728EC9 /* Pods-Oddesy.release.xcconfig */,
				381C7F7BC588CA18374A7C03 /* Pods-OddesyTests.debug.xcconfig */,
				0F81015A1163081004B7B383 /* Pods-OddesyTests.release.xcconfig */,
				E081A8B82E3ADFE3ECB9EABA /* Pods-OddesyUITests.debug.xcconfig */,
				EC16F7834F4190D9E07795BC /* Pods-OddesyUITests.release.xcconfig */,
			);
			name = Pods;
			sourceTree = "<group>";
		};
/* End PBXGroup section */

/* Begin PBXNativeTarget section */
		934B04362011279700E7C3F0 /* Oddesy */ = {
			isa = PBXNativeTarget;
			buildConfigurationList = 934B045F2011279700E7C3F0 /* Build configuration list for PBXNativeTarget "Oddesy" */;
			buildPhases = (
				4CFC0A7D62D7CA83BDDC72CB /* [CP] Check Pods Manifest.lock */,
				934B04332011279700E7C3F0 /* Sources */,
				934B04342011279700E7C3F0 /* Frameworks */,
				934B04352011279700E7C3F0 /* Resources */,
				4FEBB50771F56124BC803F88 /* [CP] Embed Pods Frameworks */,
				A7D5E96573D24BB083232857 /* [CP] Copy Pods Resources */,
			);
			buildRules = (
			);
			dependencies = (
			);
			name = Oddesy;
			productName = Oddesy;
			productReference = 934B04372011279700E7C3F0 /* Oddesy.app */;
			productType = "com.apple.product-type.application";
		};
		934B044A2011279700E7C3F0 /* OddesyTests */ = {
			isa = PBXNativeTarget;
			buildConfigurationList = 934B04622011279700E7C3F0 /* Build configuration list for PBXNativeTarget "OddesyTests" */;
			buildPhases = (
				8DB6D3AE80E950DE0A4A6E44 /* [CP] Check Pods Manifest.lock */,
				934B04472011279700E7C3F0 /* Sources */,
				934B04482011279700E7C3F0 /* Frameworks */,
				934B04492011279700E7C3F0 /* Resources */,
				7421E56B18E11B57566D5AFC /* [CP] Embed Pods Frameworks */,
				C12A0B4483E4D60234C0717A /* [CP] Copy Pods Resources */,
			);
			buildRules = (
			);
			dependencies = (
				934B044D2011279700E7C3F0 /* PBXTargetDependency */,
			);
			name = OddesyTests;
			productName = OddesyTests;
			productReference = 934B044B2011279700E7C3F0 /* OddesyTests.xctest */;
			productType = "com.apple.product-type.bundle.unit-test";
		};
		934B04552011279700E7C3F0 /* OddesyUITests */ = {
			isa = PBXNativeTarget;
			buildConfigurationList = 934B04652011279700E7C3F0 /* Build configuration list for PBXNativeTarget "OddesyUITests" */;
			buildPhases = (
				80442AC8DBE1BFDABAF31FE5 /* [CP] Check Pods Manifest.lock */,
				934B04522011279700E7C3F0 /* Sources */,
				934B04532011279700E7C3F0 /* Frameworks */,
				934B04542011279700E7C3F0 /* Resources */,
				E9E8DC5E2BD34DC51EEB0DE0 /* [CP] Embed Pods Frameworks */,
				B23362960D4C908912FF2613 /* [CP] Copy Pods Resources */,
			);
			buildRules = (
			);
			dependencies = (
				934B04582011279700E7C3F0 /* PBXTargetDependency */,
			);
			name = OddesyUITests;
			productName = OddesyUITests;
			productReference = 934B04562011279700E7C3F0 /* OddesyUITests.xctest */;
			productType = "com.apple.product-type.bundle.ui-testing";
		};
/* End PBXNativeTarget section */

/* Begin PBXProject section */
		934B042F2011279700E7C3F0 /* Project object */ = {
			isa = PBXProject;
			attributes = {
				LastSwiftUpdateCheck = 0920;
				LastUpgradeCheck = 0920;
				ORGANIZATIONNAME = "Anthony Kiniyalocts";
				TargetAttributes = {
					934B04362011279700E7C3F0 = {
						CreatedOnToolsVersion = 9.2;
						ProvisioningStyle = Automatic;
					};
					934B044A2011279700E7C3F0 = {
						CreatedOnToolsVersion = 9.2;
						ProvisioningStyle = Automatic;
						TestTargetID = 934B04362011279700E7C3F0;
					};
					934B04552011279700E7C3F0 = {
						CreatedOnToolsVersion = 9.2;
						ProvisioningStyle = Automatic;
						TestTargetID = 934B04362011279700E7C3F0;
					};
				};
			};
			buildConfigurationList = 934B04322011279700E7C3F0 /* Build configuration list for PBXProject "Oddesy" */;
			compatibilityVersion = "Xcode 8.0";
			developmentRegion = en;
			hasScannedForEncodings = 0;
			knownRegions = (
				en,
				Base,
			);
			mainGroup = 934B042E2011279700E7C3F0;
			productRefGroup = 934B04382011279700E7C3F0 /* Products */;
			projectDirPath = "";
			projectRoot = "";
			targets = (
				934B04362011279700E7C3F0 /* Oddesy */,
				934B044A2011279700E7C3F0 /* OddesyTests */,
				934B04552011279700E7C3F0 /* OddesyUITests */,
			);
		};
/* End PBXProject section */

/* Begin PBXResourcesBuildPhase section */
		934B04352011279700E7C3F0 /* Resources */ = {
			isa = PBXResourcesBuildPhase;
			buildActionMask = 2147483647;
			files = (
				934B04452011279700E7C3F0 /* LaunchScreen.storyboard in Resources */,
				934B04422011279700E7C3F0 /* Assets.xcassets in Resources */,
				934B04402011279700E7C3F0 /* Main.storyboard in Resources */,
			);
			runOnlyForDeploymentPostprocessing = 0;
		};
		934B04492011279700E7C3F0 /* Resources */ = {
			isa = PBXResourcesBuildPhase;
			buildActionMask = 2147483647;
			files = (
			);
			runOnlyForDeploymentPostprocessing = 0;
		};
		934B04542011279700E7C3F0 /* Resources */ = {
			isa = PBXResourcesBuildPhase;
			buildActionMask = 2147483647;
			files = (
			);
			runOnlyForDeploymentPostprocessing = 0;
		};
/* End PBXResourcesBuildPhase section */

/* Begin PBXShellScriptBuildPhase section */
		4CFC0A7D62D7CA83BDDC72CB /* [CP] Check Pods Manifest.lock */ = {
			isa = PBXShellScriptBuildPhase;
			buildActionMask = 2147483647;
			files = (
			);
			inputPaths = (
				"${PODS_PODFILE_DIR_PATH}/Podfile.lock",
				"${PODS_ROOT}/Manifest.lock",
			);
			name = "[CP] Check Pods Manifest.lock";
			outputPaths = (
				"$(DERIVED_FILE_DIR)/Pods-Oddesy-checkManifestLockResult.txt",
			);
			runOnlyForDeploymentPostprocessing = 0;
			shellPath = /bin/sh;
			shellScript = "diff \"${PODS_PODFILE_DIR_PATH}/Podfile.lock\" \"${PODS_ROOT}/Manifest.lock\" > /dev/null\nif [ $? != 0 ] ; then\n    # print error to STDERR\n    echo \"error: The sandbox is not in sync with the Podfile.lock. Run 'pod install' or update your CocoaPods installation.\" >&2\n    exit 1\nfi\n# This output is used by Xcode 'outputs' to avoid re-running this script phase.\necho \"SUCCESS\" > \"${SCRIPT_OUTPUT_FILE_0}\"\n";
			showEnvVarsInLog = 0;
		};
		4FEBB50771F56124BC803F88 /* [CP] Embed Pods Frameworks */ = {
			isa = PBXShellScriptBuildPhase;
			buildActionMask = 2147483647;
			files = (
			);
			inputPaths = (
				"${SRCROOT}/Pods/Target Support Files/Pods-Oddesy/Pods-Oddesy-frameworks.sh",
				"${BUILT_PRODUCTS_DIR}/Alamofire/Alamofire.framework",
				"${BUILT_PRODUCTS_DIR}/Realm/Realm.framework",
				"${BUILT_PRODUCTS_DIR}/RealmSwift/RealmSwift.framework",
				"${BUILT_PRODUCTS_DIR}/SDWebImage/SDWebImage.framework",
			);
			name = "[CP] Embed Pods Frameworks";
			outputPaths = (
				"${TARGET_BUILD_DIR}/${FRAMEWORKS_FOLDER_PATH}/Alamofire.framework",
				"${TARGET_BUILD_DIR}/${FRAMEWORKS_FOLDER_PATH}/Realm.framework",
				"${TARGET_BUILD_DIR}/${FRAMEWORKS_FOLDER_PATH}/RealmSwift.framework",
				"${TARGET_BUILD_DIR}/${FRAMEWORKS_FOLDER_PATH}/SDWebImage.framework",
			);
			runOnlyForDeploymentPostprocessing = 0;
			shellPath = /bin/sh;
			shellScript = "\"${SRCROOT}/Pods/Target Support Files/Pods-Oddesy/Pods-Oddesy-frameworks.sh\"\n";
			showEnvVarsInLog = 0;
		};
		7421E56B18E11B57566D5AFC /* [CP] Embed Pods Frameworks */ = {
			isa = PBXShellScriptBuildPhase;
			buildActionMask = 2147483647;
			files = (
			);
			inputPaths = (
			);
			name = "[CP] Embed Pods Frameworks";
			outputPaths = (
			);
			runOnlyForDeploymentPostprocessing = 0;
			shellPath = /bin/sh;
			shellScript = "\"${SRCROOT}/Pods/Target Support Files/Pods-OddesyTests/Pods-OddesyTests-frameworks.sh\"\n";
			showEnvVarsInLog = 0;
		};
		80442AC8DBE1BFDABAF31FE5 /* [CP] Check Pods Manifest.lock */ = {
			isa = PBXShellScriptBuildPhase;
			buildActionMask = 2147483647;
			files = (
			);
			inputPaths = (
				"${PODS_PODFILE_DIR_PATH}/Podfile.lock",
				"${PODS_ROOT}/Manifest.lock",
			);
			name = "[CP] Check Pods Manifest.lock";
			outputPaths = (
				"$(DERIVED_FILE_DIR)/Pods-OddesyUITests-checkManifestLockResult.txt",
			);
			runOnlyForDeploymentPostprocessing = 0;
			shellPath = /bin/sh;
			shellScript = "diff \"${PODS_PODFILE_DIR_PATH}/Podfile.lock\" \"${PODS_ROOT}/Manifest.lock\" > /dev/null\nif [ $? != 0 ] ; then\n    # print error to STDERR\n    echo \"error: The sandbox is not in sync with the Podfile.lock. Run 'pod install' or update your CocoaPods installation.\" >&2\n    exit 1\nfi\n# This output is used by Xcode 'outputs' to avoid re-running this script phase.\necho \"SUCCESS\" > \"${SCRIPT_OUTPUT_FILE_0}\"\n";
			showEnvVarsInLog = 0;
		};
		8DB6D3AE80E950DE0A4A6E44 /* [CP] Check Pods Manifest.lock */ = {
			isa = PBXShellScriptBuildPhase;
			buildActionMask = 2147483647;
			files = (
			);
			inputPaths = (
				"${PODS_PODFILE_DIR_PATH}/Podfile.lock",
				"${PODS_ROOT}/Manifest.lock",
			);
			name = "[CP] Check Pods Manifest.lock";
			outputPaths = (
				"$(DERIVED_FILE_DIR)/Pods-OddesyTests-checkManifestLockResult.txt",
			);
			runOnlyForDeploymentPostprocessing = 0;
			shellPath = /bin/sh;
			shellScript = "diff \"${PODS_PODFILE_DIR_PATH}/Podfile.lock\" \"${PODS_ROOT}/Manifest.lock\" > /dev/null\nif [ $? != 0 ] ; then\n    # print error to STDERR\n    echo \"error: The sandbox is not in sync with the Podfile.lock. Run 'pod install' or update your CocoaPods installation.\" >&2\n    exit 1\nfi\n# This output is used by Xcode 'outputs' to avoid re-running this script phase.\necho \"SUCCESS\" > \"${SCRIPT_OUTPUT_FILE_0}\"\n";
			showEnvVarsInLog = 0;
		};
		A7D5E96573D24BB083232857 /* [CP] Copy Pods Resources */ = {
			isa = PBXShellScriptBuildPhase;
			buildActionMask = 2147483647;
			files = (
			);
			inputPaths = (
			);
			name = "[CP] Copy Pods Resources";
			outputPaths = (
			);
			runOnlyForDeploymentPostprocessing = 0;
			shellPath = /bin/sh;
			shellScript = "\"${SRCROOT}/Pods/Target Support Files/Pods-Oddesy/Pods-Oddesy-resources.sh\"\n";
			showEnvVarsInLog = 0;
		};
		B23362960D4C908912FF2613 /* [CP] Copy Pods Resources */ = {
			isa = PBXShellScriptBuildPhase;
			buildActionMask = 2147483647;
			files = (
			);
			inputPaths = (
			);
			name = "[CP] Copy Pods Resources";
			outputPaths = (
			);
			runOnlyForDeploymentPostprocessing = 0;
			shellPath = /bin/sh;
			shellScript = "\"${SRCROOT}/Pods/Target Support Files/Pods-OddesyUITests/Pods-OddesyUITests-resources.sh\"\n";
			showEnvVarsInLog = 0;
		};
		C12A0B4483E4D60234C0717A /* [CP] Copy Pods Resources */ = {
			isa = PBXShellScriptBuildPhase;
			buildActionMask = 2147483647;
			files = (
			);
			inputPaths = (
			);
			name = "[CP] Copy Pods Resources";
			outputPaths = (
			);
			runOnlyForDeploymentPostprocessing = 0;
			shellPath = /bin/sh;
			shellScript = "\"${SRCROOT}/Pods/Target Support Files/Pods-OddesyTests/Pods-OddesyTests-resources.sh\"\n";
			showEnvVarsInLog = 0;
		};
		E9E8DC5E2BD34DC51EEB0DE0 /* [CP] Embed Pods Frameworks */ = {
			isa = PBXShellScriptBuildPhase;
			buildActionMask = 2147483647;
			files = (
			);
			inputPaths = (
			);
			name = "[CP] Embed Pods Frameworks";
			outputPaths = (
			);
			runOnlyForDeploymentPostprocessing = 0;
			shellPath = /bin/sh;
			shellScript = "\"${SRCROOT}/Pods/Target Support Files/Pods-OddesyUITests/Pods-OddesyUITests-frameworks.sh\"\n";
			showEnvVarsInLog = 0;
		};
/* End PBXShellScriptBuildPhase section */

/* Begin PBXSourcesBuildPhase section */
		934B04332011279700E7C3F0 /* Sources */ = {
			isa = PBXSourcesBuildPhase;
			buildActionMask = 2147483647;
			files = (
				934B0470201138F400E7C3F0 /* ChooseCommunityViewModel.swift in Sources */,
				93632D99201A4161006E6DD6 /* CommunityCell.swift in Sources */,
				934B046B2011323A00E7C3F0 /* MVVMViewController.swift in Sources */,
				934B043D2011279700E7C3F0 /* ViewController.swift in Sources */,
				93632D96201A1F32006E6DD6 /* Community.swift in Sources */,
				934B043B2011279700E7C3F0 /* AppDelegate.swift in Sources */,
				934B046E201132F000E7C3F0 /* Api.swift in Sources */,
				93632D9B201A6438006E6DD6 /* RealmUtils.swift in Sources */,
				934B04692011322D00E7C3F0 /* Base.swift in Sources */,
				934B04772012837500E7C3F0 /* IndexResponse.swift in Sources */,
				54E5582D3641690C3CA097BF /* MockApiService.swift in Sources */,
			);
			runOnlyForDeploymentPostprocessing = 0;
		};
		934B04472011279700E7C3F0 /* Sources */ = {
			isa = PBXSourcesBuildPhase;
			buildActionMask = 2147483647;
			files = (
				934B04502011279700E7C3F0 /* OddesyTests.swift in Sources */,
				54E555FD7BDC6EB8DF3F9010 /* MockApiService.swift in Sources */,
			);
			runOnlyForDeploymentPostprocessing = 0;
		};
		934B04522011279700E7C3F0 /* Sources */ = {
			isa = PBXSourcesBuildPhase;
			buildActionMask = 2147483647;
			files = (
				934B045B2011279700E7C3F0 /* OddesyUITests.swift in Sources */,
			);
			runOnlyForDeploymentPostprocessing = 0;
		};
/* End PBXSourcesBuildPhase section */

/* Begin PBXTargetDependency section */
		934B044D2011279700E7C3F0 /* PBXTargetDependency */ = {
			isa = PBXTargetDependency;
			target = 934B04362011279700E7C3F0 /* Oddesy */;
			targetProxy = 934B044C2011279700E7C3F0 /* PBXContainerItemProxy */;
		};
		934B04582011279700E7C3F0 /* PBXTargetDependency */ = {
			isa = PBXTargetDependency;
			target = 934B04362011279700E7C3F0 /* Oddesy */;
			targetProxy = 934B04572011279700E7C3F0 /* PBXContainerItemProxy */;
		};
/* End PBXTargetDependency section */

/* Begin PBXVariantGroup section */
		934B043E2011279700E7C3F0 /* Main.storyboard */ = {
			isa = PBXVariantGroup;
			children = (
				934B043F2011279700E7C3F0 /* Base */,
			);
			name = Main.storyboard;
			sourceTree = "<group>";
		};
		934B04432011279700E7C3F0 /* LaunchScreen.storyboard */ = {
			isa = PBXVariantGroup;
			children = (
				934B04442011279700E7C3F0 /* Base */,
			);
			name = LaunchScreen.storyboard;
			sourceTree = "<group>";
		};
/* End PBXVariantGroup section */

/* Begin XCBuildConfiguration section */
		934B045D2011279700E7C3F0 /* Debug */ = {
			isa = XCBuildConfiguration;
			buildSettings = {
				ALWAYS_SEARCH_USER_PATHS = NO;
				CLANG_ANALYZER_NONNULL = YES;
				CLANG_ANALYZER_NUMBER_OBJECT_CONVERSION = YES_AGGRESSIVE;
				CLANG_CXX_LANGUAGE_STANDARD = "gnu++14";
				CLANG_CXX_LIBRARY = "libc++";
				CLANG_ENABLE_MODULES = YES;
				CLANG_ENABLE_OBJC_ARC = YES;
				CLANG_WARN_BLOCK_CAPTURE_AUTORELEASING = YES;
				CLANG_WARN_BOOL_CONVERSION = YES;
				CLANG_WARN_COMMA = YES;
				CLANG_WARN_CONSTANT_CONVERSION = YES;
				CLANG_WARN_DIRECT_OBJC_ISA_USAGE = YES_ERROR;
				CLANG_WARN_DOCUMENTATION_COMMENTS = YES;
				CLANG_WARN_EMPTY_BODY = YES;
				CLANG_WARN_ENUM_CONVERSION = YES;
				CLANG_WARN_INFINITE_RECURSION = YES;
				CLANG_WARN_INT_CONVERSION = YES;
				CLANG_WARN_NON_LITERAL_NULL_CONVERSION = YES;
				CLANG_WARN_OBJC_LITERAL_CONVERSION = YES;
				CLANG_WARN_OBJC_ROOT_CLASS = YES_ERROR;
				CLANG_WARN_RANGE_LOOP_ANALYSIS = YES;
				CLANG_WARN_STRICT_PROTOTYPES = YES;
				CLANG_WARN_SUSPICIOUS_MOVE = YES;
				CLANG_WARN_UNGUARDED_AVAILABILITY = YES_AGGRESSIVE;
				CLANG_WARN_UNREACHABLE_CODE = YES;
				CLANG_WARN__DUPLICATE_METHOD_MATCH = YES;
				CODE_SIGN_IDENTITY = "iPhone Developer";
				COPY_PHASE_STRIP = NO;
				DEBUG_INFORMATION_FORMAT = dwarf;
				ENABLE_STRICT_OBJC_MSGSEND = YES;
				ENABLE_TESTABILITY = YES;
				GCC_C_LANGUAGE_STANDARD = gnu11;
				GCC_DYNAMIC_NO_PIC = NO;
				GCC_NO_COMMON_BLOCKS = YES;
				GCC_OPTIMIZATION_LEVEL = 0;
				GCC_PREPROCESSOR_DEFINITIONS = (
					"DEBUG=1",
					"$(inherited)",
				);
				GCC_WARN_64_TO_32_BIT_CONVERSION = YES;
				GCC_WARN_ABOUT_RETURN_TYPE = YES_ERROR;
				GCC_WARN_UNDECLARED_SELECTOR = YES;
				GCC_WARN_UNINITIALIZED_AUTOS = YES_AGGRESSIVE;
				GCC_WARN_UNUSED_FUNCTION = YES;
				GCC_WARN_UNUSED_VARIABLE = YES;
				IPHONEOS_DEPLOYMENT_TARGET = 11.2;
				MTL_ENABLE_DEBUG_INFO = YES;
				ONLY_ACTIVE_ARCH = YES;
				SDKROOT = iphoneos;
				SWIFT_ACTIVE_COMPILATION_CONDITIONS = DEBUG;
				SWIFT_OPTIMIZATION_LEVEL = "-Onone";
			};
			name = Debug;
		};
		934B045E2011279700E7C3F0 /* Release */ = {
			isa = XCBuildConfiguration;
			buildSettings = {
				ALWAYS_SEARCH_USER_PATHS = NO;
				CLANG_ANALYZER_NONNULL = YES;
				CLANG_ANALYZER_NUMBER_OBJECT_CONVERSION = YES_AGGRESSIVE;
				CLANG_CXX_LANGUAGE_STANDARD = "gnu++14";
				CLANG_CXX_LIBRARY = "libc++";
				CLANG_ENABLE_MODULES = YES;
				CLANG_ENABLE_OBJC_ARC = YES;
				CLANG_WARN_BLOCK_CAPTURE_AUTORELEASING = YES;
				CLANG_WARN_BOOL_CONVERSION = YES;
				CLANG_WARN_COMMA = YES;
				CLANG_WARN_CONSTANT_CONVERSION = YES;
				CLANG_WARN_DIRECT_OBJC_ISA_USAGE = YES_ERROR;
				CLANG_WARN_DOCUMENTATION_COMMENTS = YES;
				CLANG_WARN_EMPTY_BODY = YES;
				CLANG_WARN_ENUM_CONVERSION = YES;
				CLANG_WARN_INFINITE_RECURSION = YES;
				CLANG_WARN_INT_CONVERSION = YES;
				CLANG_WARN_NON_LITERAL_NULL_CONVERSION = YES;
				CLANG_WARN_OBJC_LITERAL_CONVERSION = YES;
				CLANG_WARN_OBJC_ROOT_CLASS = YES_ERROR;
				CLANG_WARN_RANGE_LOOP_ANALYSIS = YES;
				CLANG_WARN_STRICT_PROTOTYPES = YES;
				CLANG_WARN_SUSPICIOUS_MOVE = YES;
				CLANG_WARN_UNGUARDED_AVAILABILITY = YES_AGGRESSIVE;
				CLANG_WARN_UNREACHABLE_CODE = YES;
				CLANG_WARN__DUPLICATE_METHOD_MATCH = YES;
				CODE_SIGN_IDENTITY = "iPhone Developer";
				COPY_PHASE_STRIP = NO;
				DEBUG_INFORMATION_FORMAT = "dwarf-with-dsym";
				ENABLE_NS_ASSERTIONS = NO;
				ENABLE_STRICT_OBJC_MSGSEND = YES;
				GCC_C_LANGUAGE_STANDARD = gnu11;
				GCC_NO_COMMON_BLOCKS = YES;
				GCC_WARN_64_TO_32_BIT_CONVERSION = YES;
				GCC_WARN_ABOUT_RETURN_TYPE = YES_ERROR;
				GCC_WARN_UNDECLARED_SELECTOR = YES;
				GCC_WARN_UNINITIALIZED_AUTOS = YES_AGGRESSIVE;
				GCC_WARN_UNUSED_FUNCTION = YES;
				GCC_WARN_UNUSED_VARIABLE = YES;
				IPHONEOS_DEPLOYMENT_TARGET = 11.2;
				MTL_ENABLE_DEBUG_INFO = NO;
				SDKROOT = iphoneos;
				SWIFT_OPTIMIZATION_LEVEL = "-Owholemodule";
				VALIDATE_PRODUCT = YES;
			};
			name = Release;
		};
		934B04602011279700E7C3F0 /* Debug */ = {
			isa = XCBuildConfiguration;
			baseConfigurationReference = CA57AA4499D209485986BE66 /* Pods-Oddesy.debug.xcconfig */;
			buildSettings = {
				ASSETCATALOG_COMPILER_APPICON_NAME = AppIcon;
				CODE_SIGN_STYLE = Automatic;
				DEVELOPMENT_TEAM = VAG68Q97WM;
				INFOPLIST_FILE = Oddesy/Info.plist;
				LD_RUNPATH_SEARCH_PATHS = "$(inherited) @executable_path/Frameworks";
				PRODUCT_BUNDLE_IDENTIFIER = com.batterii.Oddesy;
				PRODUCT_NAME = "$(TARGET_NAME)";
				SWIFT_VERSION = 4.0;
				TARGETED_DEVICE_FAMILY = "1,2";
			};
			name = Debug;
		};
		934B04612011279700E7C3F0 /* Release */ = {
			isa = XCBuildConfiguration;
			baseConfigurationReference = CDFB3160126A629420728EC9 /* Pods-Oddesy.release.xcconfig */;
			buildSettings = {
				ASSETCATALOG_COMPILER_APPICON_NAME = AppIcon;
				CODE_SIGN_STYLE = Automatic;
				DEVELOPMENT_TEAM = VAG68Q97WM;
				INFOPLIST_FILE = Oddesy/Info.plist;
				LD_RUNPATH_SEARCH_PATHS = "$(inherited) @executable_path/Frameworks";
				PRODUCT_BUNDLE_IDENTIFIER = com.batterii.Oddesy;
				PRODUCT_NAME = "$(TARGET_NAME)";
				SWIFT_VERSION = 4.0;
				TARGETED_DEVICE_FAMILY = "1,2";
			};
			name = Release;
		};
		934B04632011279700E7C3F0 /* Debug */ = {
			isa = XCBuildConfiguration;
			baseConfigurationReference = 381C7F7BC588CA18374A7C03 /* Pods-OddesyTests.debug.xcconfig */;
			buildSettings = {
				ALWAYS_EMBED_SWIFT_STANDARD_LIBRARIES = YES;
				BUNDLE_LOADER = "$(TEST_HOST)";
				CODE_SIGN_STYLE = Automatic;
				DEVELOPMENT_TEAM = VAG68Q97WM;
				INFOPLIST_FILE = OddesyTests/Info.plist;
				LD_RUNPATH_SEARCH_PATHS = "$(inherited) @executable_path/Frameworks @loader_path/Frameworks";
				PRODUCT_BUNDLE_IDENTIFIER = com.batterii.OddesyTests;
				PRODUCT_NAME = "$(TARGET_NAME)";
				SWIFT_VERSION = 4.0;
				TARGETED_DEVICE_FAMILY = "1,2";
				TEST_HOST = "$(BUILT_PRODUCTS_DIR)/Oddesy.app/Oddesy";
			};
			name = Debug;
		};
		934B04642011279700E7C3F0 /* Release */ = {
			isa = XCBuildConfiguration;
			baseConfigurationReference = 0F81015A1163081004B7B383 /* Pods-OddesyTests.release.xcconfig */;
			buildSettings = {
				ALWAYS_EMBED_SWIFT_STANDARD_LIBRARIES = YES;
				BUNDLE_LOADER = "$(TEST_HOST)";
				CODE_SIGN_STYLE = Automatic;
				DEVELOPMENT_TEAM = VAG68Q97WM;
				INFOPLIST_FILE = OddesyTests/Info.plist;
				LD_RUNPATH_SEARCH_PATHS = "$(inherited) @executable_path/Frameworks @loader_path/Frameworks";
				PRODUCT_BUNDLE_IDENTIFIER = com.batterii.OddesyTests;
				PRODUCT_NAME = "$(TARGET_NAME)";
				SWIFT_VERSION = 4.0;
				TARGETED_DEVICE_FAMILY = "1,2";
				TEST_HOST = "$(BUILT_PRODUCTS_DIR)/Oddesy.app/Oddesy";
			};
			name = Release;
		};
		934B04662011279700E7C3F0 /* Debug */ = {
			isa = XCBuildConfiguration;
			baseConfigurationReference = E081A8B82E3ADFE3ECB9EABA /* Pods-OddesyUITests.debug.xcconfig */;
			buildSettings = {
				ALWAYS_EMBED_SWIFT_STANDARD_LIBRARIES = YES;
				CODE_SIGN_STYLE = Automatic;
				DEVELOPMENT_TEAM = VAG68Q97WM;
				INFOPLIST_FILE = OddesyUITests/Info.plist;
				LD_RUNPATH_SEARCH_PATHS = "$(inherited) @executable_path/Frameworks @loader_path/Frameworks";
				PRODUCT_BUNDLE_IDENTIFIER = com.batterii.OddesyUITests;
				PRODUCT_NAME = "$(TARGET_NAME)";
				SWIFT_VERSION = 4.0;
				TARGETED_DEVICE_FAMILY = "1,2";
				TEST_TARGET_NAME = Oddesy;
			};
			name = Debug;
		};
		934B04672011279700E7C3F0 /* Release */ = {
			isa = XCBuildConfiguration;
			baseConfigurationReference = EC16F7834F4190D9E07795BC /* Pods-OddesyUITests.release.xcconfig */;
			buildSettings = {
				ALWAYS_EMBED_SWIFT_STANDARD_LIBRARIES = YES;
				CODE_SIGN_STYLE = Automatic;
				DEVELOPMENT_TEAM = VAG68Q97WM;
				INFOPLIST_FILE = OddesyUITests/Info.plist;
				LD_RUNPATH_SEARCH_PATHS = "$(inherited) @executable_path/Frameworks @loader_path/Frameworks";
				PRODUCT_BUNDLE_IDENTIFIER = com.batterii.OddesyUITests;
				PRODUCT_NAME = "$(TARGET_NAME)";
				SWIFT_VERSION = 4.0;
				TARGETED_DEVICE_FAMILY = "1,2";
				TEST_TARGET_NAME = Oddesy;
			};
			name = Release;
		};
/* End XCBuildConfiguration section */

/* Begin XCConfigurationList section */
		934B04322011279700E7C3F0 /* Build configuration list for PBXProject "Oddesy" */ = {
			isa = XCConfigurationList;
			buildConfigurations = (
				934B045D2011279700E7C3F0 /* Debug */,
				934B045E2011279700E7C3F0 /* Release */,
			);
			defaultConfigurationIsVisible = 0;
			defaultConfigurationName = Release;
		};
		934B045F2011279700E7C3F0 /* Build configuration list for PBXNativeTarget "Oddesy" */ = {
			isa = XCConfigurationList;
			buildConfigurations = (
				934B04602011279700E7C3F0 /* Debug */,
				934B04612011279700E7C3F0 /* Release */,
			);
			defaultConfigurationIsVisible = 0;
			defaultConfigurationName = Release;
		};
		934B04622011279700E7C3F0 /* Build configuration list for PBXNativeTarget "OddesyTests" */ = {
			isa = XCConfigurationList;
			buildConfigurations = (
				934B04632011279700E7C3F0 /* Debug */,
				934B04642011279700E7C3F0 /* Release */,
			);
			defaultConfigurationIsVisible = 0;
			defaultConfigurationName = Release;
		};
		934B04652011279700E7C3F0 /* Build configuration list for PBXNativeTarget "OddesyUITests" */ = {
			isa = XCConfigurationList;
			buildConfigurations = (
				934B04662011279700E7C3F0 /* Debug */,
				934B04672011279700E7C3F0 /* Release */,
			);
			defaultConfigurationIsVisible = 0;
			defaultConfigurationName = Release;
		};
/* End XCConfigurationList section */
	};
	rootObject = 934B042F2011279700E7C3F0 /* Project object */;
}
